
Microsoft Visual Studio Solution File, Format Version 12.00
# Visual Studio Version 16
VisualStudioVersion = 16.0.31624.102
MinimumVisualStudioVersion = 10.0.40219.1
Project("{F184B08F-C81C-45F6-A57F-5ABD9991F28F}") = "BingsuSystem", "SimpleLibrarySystem\BingsuSystem.vbproj", "{04A3051E-AF2C-41DB-9807-7245608CEFD0}"
EndProject
Global
	GlobalSection(SolutionConfigurationPlatforms) = preSolution
		Debug|x86 = Debug|x86
		Release|x86 = Release|x86
	EndGlobalSection
	GlobalSection(ProjectConfigurationPlatforms) = postSolution
		{04A3051E-AF2C-41DB-9807-7245608CEFD0}.Debug|x86.ActiveCfg = Debug|x86
		{04A3051E-AF2C-41DB-9807-7245608CEFD0}.Debug|x86.Build.0 = Debug|x86
		{04A3051E-AF2C-41DB-9807-7245608CEFD0}.Release|x86.ActiveCfg = Release|x86
		{04A3051E-AF2C-41DB-9807-7245608CEFD0}.Release|x86.Build.0 = Release|x86
	EndGlobalSection
	GlobalSection(SolutionProperties) = preSolution
		HideSolutionNode = FALSE
	EndGlobalSection
	GlobalSection(ExtensibilityGlobals) = postSolution
		SolutionGuid = {8480B244-04C2-475F-8A77-AEA8E25CE40C}
	EndGlobalSection
EndGlobal
